
Microsoft Visual Studio Solution File, Format Version 12.00
# Visual Studio Version 16
VisualStudioVersion = 16.0.32126.315
MinimumVisualStudioVersion = 10.0.40219.1
Project("{FAE04EC0-301F-11D3-BF4B-00C04F79EFBC}") = "AutoRepairLibrary", "AutoRepairLibrary\AutoRepairLibrary.csproj", "{E1172EBC-CD02-410C-A697-EB005569C77F}"
EndProject
Project("{FAE04EC0-301F-11D3-BF4B-00C04F79EFBC}") = "AutoRepairTests", "AutoRepairTests\AutoRepairTests.csproj", "{7709261F-7BE6-4B96-95E3-62DCE47A748A}"
EndProject
Global
	GlobalSection(SolutionConfigurationPlatforms) = preSolution
		Debug|Any CPU = Debug|Any CPU
		Release|Any CPU = Release|Any CPU
	EndGlobalSection
	GlobalSection(ProjectConfigurationPlatforms) = postSolution
		{E1172EBC-CD02-410C-A697-EB005569C77F}.Debug|Any CPU.ActiveCfg = Debug|Any CPU
		{E1172EBC-CD02-410C-A697-EB005569C77F}.Debug|Any CPU.Build.0 = Debug|Any CPU
		{E1172EBC-CD02-410C-A697-EB005569C77F}.Release|Any CPU.ActiveCfg = Release|Any CPU
		{E1172EBC-CD02-410C-A697-EB005569C77F}.Release|Any CPU.Build.0 = Release|Any CPU
		{7709261F-7BE6-4B96-95E3-62DCE47A748A}.Debug|Any CPU.ActiveCfg = Debug|Any CPU
		{7709261F-7BE6-4B96-95E3-62DCE47A748A}.Debug|Any CPU.Build.0 = Debug|Any CPU
		{7709261F-7BE6-4B96-95E3-62DCE47A748A}.Release|Any CPU.ActiveCfg = Release|Any CPU
		{7709261F-7BE6-4B96-95E3-62DCE47A748A}.Release|Any CPU.Build.0 = Release|Any CPU
	EndGlobalSection
	GlobalSection(SolutionProperties) = preSolution
		HideSolutionNode = FALSE
	EndGlobalSection
	GlobalSection(ExtensibilityGlobals) = postSolution
		SolutionGuid = {F6E1FE72-5C60-408D-85BD-621CE6D8CA30}
	EndGlobalSection
EndGlobal
